
Microsoft Visual Studio Solution File, Format Version 12.00
# Visual Studio 2013
VisualStudioVersion = 12.0.21005.1
MinimumVisualStudioVersion = 10.0.40219.1
Project("{FAE04EC0-301F-11D3-BF4B-00C04F79EFBC}") = "CMS-Model", "CMS-Model\CMS-Model.csproj", "{ACB0108E-F716-413D-B2E7-9F1E627C5BC8}"
EndProject
Project("{FAE04EC0-301F-11D3-BF4B-00C04F79EFBC}") = "CMS-Model.Tests", "CMS-Model.Tests\CMS-Model.Tests.csproj", "{F59B82C6-B001-458E-9AA4-7CD5555EE374}"
EndProject
Project("{2150E333-8FDC-42A3-9474-1A3956D46DE8}") = "Web", "Web", "{310F81F1-EA97-4A48-AA11-BD9614CEDD94}"
EndProject
Project("{2150E333-8FDC-42A3-9474-1A3956D46DE8}") = "Domain", "Domain", "{0024CD25-A472-4499-BA4A-477FBE9A31D8}"
EndProject
Project("{2150E333-8FDC-42A3-9474-1A3956D46DE8}") = "Infrastructure", "Infrastructure", "{06CDB6B9-5094-4B4A-A4F4-79FBCC12F1F8}"
EndProject
Project("{2150E333-8FDC-42A3-9474-1A3956D46DE8}") = "Common", "Common", "{AF4DDA16-F0A4-4302-AC2D-783ECB322E2B}"
EndProject
Project("{FAE04EC0-301F-11D3-BF4B-00C04F79EFBC}") = "CMS.Infrastructure", "CMS.Infrastructure\CMS.Infrastructure.csproj", "{0D89C481-1C9C-478C-90DB-D1C222E90E62}"
EndProject
Project("{FAE04EC0-301F-11D3-BF4B-00C04F79EFBC}") = "CMS.Domain.Core", "CMS.Domain.Core\CMS.Domain.Core.csproj", "{74822056-F144-4C30-8E07-A252ADF8F22B}"
EndProject
Project("{FAE04EC0-301F-11D3-BF4B-00C04F79EFBC}") = "CMS.Common", "CMS.Common\CMS.Common.csproj", "{8E6BB4A8-112D-491C-AEA0-203B6678DF20}"
EndProject
Project("{FAE04EC0-301F-11D3-BF4B-00C04F79EFBC}") = "CMS.Respository", "CMS-Model.Respository\CMS.Respository.csproj", "{703C56EA-D76D-4A36-88FE-AE47ECAAB4BE}"
EndProject
Project("{FAE04EC0-301F-11D3-BF4B-00C04F79EFBC}") = "CMS.Infrastructure.Interfaces", "CMS.Infrastructure.Interfaces\CMS.Infrastructure.Interfaces.csproj", "{820C09EF-F925-4EBA-8A35-FC5FBB3930EC}"
EndProject
Global
	GlobalSection(SolutionConfigurationPlatforms) = preSolution
		Debug|Any CPU = Debug|Any CPU
		Release|Any CPU = Release|Any CPU
	EndGlobalSection
	GlobalSection(ProjectConfigurationPlatforms) = postSolution
		{ACB0108E-F716-413D-B2E7-9F1E627C5BC8}.Debug|Any CPU.ActiveCfg = Debug|Any CPU
		{ACB0108E-F716-413D-B2E7-9F1E627C5BC8}.Debug|Any CPU.Build.0 = Debug|Any CPU
		{ACB0108E-F716-413D-B2E7-9F1E627C5BC8}.Release|Any CPU.ActiveCfg = Release|Any CPU
		{ACB0108E-F716-413D-B2E7-9F1E627C5BC8}.Release|Any CPU.Build.0 = Release|Any CPU
		{F59B82C6-B001-458E-9AA4-7CD5555EE374}.Debug|Any CPU.ActiveCfg = Debug|Any CPU
		{F59B82C6-B001-458E-9AA4-7CD5555EE374}.Debug|Any CPU.Build.0 = Debug|Any CPU
		{F59B82C6-B001-458E-9AA4-7CD5555EE374}.Release|Any CPU.ActiveCfg = Release|Any CPU
		{F59B82C6-B001-458E-9AA4-7CD5555EE374}.Release|Any CPU.Build.0 = Release|Any CPU
		{0D89C481-1C9C-478C-90DB-D1C222E90E62}.Debug|Any CPU.ActiveCfg = Debug|Any CPU
		{0D89C481-1C9C-478C-90DB-D1C222E90E62}.Debug|Any CPU.Build.0 = Debug|Any CPU
		{0D89C481-1C9C-478C-90DB-D1C222E90E62}.Release|Any CPU.ActiveCfg = Release|Any CPU
		{0D89C481-1C9C-478C-90DB-D1C222E90E62}.Release|Any CPU.Build.0 = Release|Any CPU
		{74822056-F144-4C30-8E07-A252ADF8F22B}.Debug|Any CPU.ActiveCfg = Debug|Any CPU
		{74822056-F144-4C30-8E07-A252ADF8F22B}.Debug|Any CPU.Build.0 = Debug|Any CPU
		{74822056-F144-4C30-8E07-A252ADF8F22B}.Release|Any CPU.ActiveCfg = Release|Any CPU
		{74822056-F144-4C30-8E07-A252ADF8F22B}.Release|Any CPU.Build.0 = Release|Any CPU
		{8E6BB4A8-112D-491C-AEA0-203B6678DF20}.Debug|Any CPU.ActiveCfg = Debug|Any CPU
		{8E6BB4A8-112D-491C-AEA0-203B6678DF20}.Debug|Any CPU.Build.0 = Debug|Any CPU
		{8E6BB4A8-112D-491C-AEA0-203B6678DF20}.Release|Any CPU.ActiveCfg = Release|Any CPU
		{8E6BB4A8-112D-491C-AEA0-203B6678DF20}.Release|Any CPU.Build.0 = Release|Any CPU
		{703C56EA-D76D-4A36-88FE-AE47ECAAB4BE}.Debug|Any CPU.ActiveCfg = Debug|Any CPU
		{703C56EA-D76D-4A36-88FE-AE47ECAAB4BE}.Debug|Any CPU.Build.0 = Debug|Any CPU
		{703C56EA-D76D-4A36-88FE-AE47ECAAB4BE}.Release|Any CPU.ActiveCfg = Release|Any CPU
		{703C56EA-D76D-4A36-88FE-AE47ECAAB4BE}.Release|Any CPU.Build.0 = Release|Any CPU
		{820C09EF-F925-4EBA-8A35-FC5FBB3930EC}.Debug|Any CPU.ActiveCfg = Debug|Any CPU
		{820C09EF-F925-4EBA-8A35-FC5FBB3930EC}.Debug|Any CPU.Build.0 = Debug|Any CPU
		{820C09EF-F925-4EBA-8A35-FC5FBB3930EC}.Release|Any CPU.ActiveCfg = Release|Any CPU
		{820C09EF-F925-4EBA-8A35-FC5FBB3930EC}.Release|Any CPU.Build.0 = Release|Any CPU
	EndGlobalSection
	GlobalSection(SolutionProperties) = preSolution
		HideSolutionNode = FALSE
	EndGlobalSection
	GlobalSection(NestedProjects) = preSolution
		{ACB0108E-F716-413D-B2E7-9F1E627C5BC8} = {310F81F1-EA97-4A48-AA11-BD9614CEDD94}
		{74822056-F144-4C30-8E07-A252ADF8F22B} = {0024CD25-A472-4499-BA4A-477FBE9A31D8}
		{0D89C481-1C9C-478C-90DB-D1C222E90E62} = {06CDB6B9-5094-4B4A-A4F4-79FBCC12F1F8}
		{703C56EA-D76D-4A36-88FE-AE47ECAAB4BE} = {06CDB6B9-5094-4B4A-A4F4-79FBCC12F1F8}
		{820C09EF-F925-4EBA-8A35-FC5FBB3930EC} = {06CDB6B9-5094-4B4A-A4F4-79FBCC12F1F8}
		{8E6BB4A8-112D-491C-AEA0-203B6678DF20} = {AF4DDA16-F0A4-4302-AC2D-783ECB322E2B}
	EndGlobalSection
EndGlobal
